# THIS IS AN AUTOGENERATED FILE. DO NOT EDIT THIS FILE DIRECTLY.
# yarn lockfile v1


lodash@^4.17.4:
  version "4.17.4"
  resolved "https://registry.yarnpkg.com/lodash/-/lodash-4.17.4.tgz#78203a4d1c328ae1d86dca6460e369b57f4055ae"

vue@^2.4.4:
  version "2.4.4"
  resolved "https://registry.yarnpkg.com/vue/-/vue-2.4.4.tgz#ea9550b96a71465fd2b8b17b61673b3561861789"
